
Microsoft Visual Studio Solution File, Format Version 12.00
# Visual Studio Version 17
VisualStudioVersion = 17.0.31919.166
MinimumVisualStudioVersion = 10.0.40219.1
Project("{FAE04EC0-301F-11D3-BF4B-00C04F79EFBC}") = "EFCoreExample", "EFCoreExample\EFCoreExample.csproj", "{50F6E14E-0DE5-43E3-BF13-24561EFD89AA}"
EndProject
Global
	GlobalSection(SolutionConfigurationPlatforms) = preSolution
		Debug|Any CPU = Debug|Any CPU
		Release|Any CPU = Release|Any CPU
	EndGlobalSection
	GlobalSection(ProjectConfigurationPlatforms) = postSolution
		{50F6E14E-0DE5-43E3-BF13-24561EFD89AA}.Debug|Any CPU.ActiveCfg = Debug|Any CPU
		{50F6E14E-0DE5-43E3-BF13-24561EFD89AA}.Debug|Any CPU.Build.0 = Debug|Any CPU
		{50F6E14E-0DE5-43E3-BF13-24561EFD89AA}.Release|Any CPU.ActiveCfg = Release|Any CPU
		{50F6E14E-0DE5-43E3-BF13-24561EFD89AA}.Release|Any CPU.Build.0 = Release|Any CPU
	EndGlobalSection
	GlobalSection(SolutionProperties) = preSolution
		HideSolutionNode = FALSE
	EndGlobalSection
	GlobalSection(ExtensibilityGlobals) = postSolution
		SolutionGuid = {D4F7EB7D-619C-4CF4-8C49-820A1C108109}
	EndGlobalSection
EndGlobal
